
Microsoft Visual Studio Solution File, Format Version 12.00
# Visual Studio Version 17
VisualStudioVersion = 17.7.34018.315
MinimumVisualStudioVersion = 10.0.40219.1
Project("{9A19103F-16F7-4668-BE54-9A1E7A4F7556}") = "HardwareWarehouseManagementSystem", "HardwareWarehouseManagementSystem.csproj", "{28CF5A5E-7AC7-4921-87CA-20A08599C2E8}"
EndProject
Project("{FAE04EC0-301F-11D3-BF4B-00C04F79EFBC}") = "WarehouseManagementSystemAPI", "..\WarehouseManagementSystemAPI\WarehouseManagementSystemAPI.csproj", "{37EDD572-69BB-42EF-A435-CDEB186A7B29}"
EndProject
Global
	GlobalSection(SolutionConfigurationPlatforms) = preSolution
		Debug|Any CPU = Debug|Any CPU
		Release|Any CPU = Release|Any CPU
	EndGlobalSection
	GlobalSection(ProjectConfigurationPlatforms) = postSolution
		{28CF5A5E-7AC7-4921-87CA-20A08599C2E8}.Debug|Any CPU.ActiveCfg = Debug|Any CPU
		{28CF5A5E-7AC7-4921-87CA-20A08599C2E8}.Debug|Any CPU.Build.0 = Debug|Any CPU
		{28CF5A5E-7AC7-4921-87CA-20A08599C2E8}.Release|Any CPU.ActiveCfg = Release|Any CPU
		{28CF5A5E-7AC7-4921-87CA-20A08599C2E8}.Release|Any CPU.Build.0 = Release|Any CPU
		{37EDD572-69BB-42EF-A435-CDEB186A7B29}.Debug|Any CPU.ActiveCfg = Debug|Any CPU
		{37EDD572-69BB-42EF-A435-CDEB186A7B29}.Debug|Any CPU.Build.0 = Debug|Any CPU
		{37EDD572-69BB-42EF-A435-CDEB186A7B29}.Release|Any CPU.ActiveCfg = Release|Any CPU
		{37EDD572-69BB-42EF-A435-CDEB186A7B29}.Release|Any CPU.Build.0 = Release|Any CPU
	EndGlobalSection
	GlobalSection(SolutionProperties) = preSolution
		HideSolutionNode = FALSE
	EndGlobalSection
	GlobalSection(ExtensibilityGlobals) = postSolution
		SolutionGuid = {4615ACB8-5F3B-4687-8DF2-69C3558FF6CE}
	EndGlobalSection
EndGlobal
